
Microsoft Visual Studio Solution File, Format Version 12.00
# Visual Studio 15
VisualStudioVersion = 15.0.27703.2035
MinimumVisualStudioVersion = 10.0.40219.1
Project("{8BC9CEB8-8B4A-11D0-8D11-00A0C91BC942}") = "ChatClient", "ChatClient\ChatClient.vcxproj", "{6552C1D4-293B-41A3-BEC1-B7324780DA55}"
EndProject
Project("{8BC9CEB8-8B4A-11D0-8D11-00A0C91BC942}") = "ChatServer", "ChatServer\ChatServer.vcxproj", "{28F6F4EF-E30A-47D5-BE67-79BEDF2C51D9}"
EndProject
Global
	GlobalSection(SolutionConfigurationPlatforms) = preSolution
		Debug|x64 = Debug|x64
		Debug|x86 = Debug|x86
		Release|x64 = Release|x64
		Release|x86 = Release|x86
	EndGlobalSection
	GlobalSection(ProjectConfigurationPlatforms) = postSolution
		{6552C1D4-293B-41A3-BEC1-B7324780DA55}.Debug|x64.ActiveCfg = Debug|x64
		{6552C1D4-293B-41A3-BEC1-B7324780DA55}.Debug|x64.Build.0 = Debug|x64
		{6552C1D4-293B-41A3-BEC1-B7324780DA55}.Debug|x86.ActiveCfg = Debug|Win32
		{6552C1D4-293B-41A3-BEC1-B7324780DA55}.Debug|x86.Build.0 = Debug|Win32
		{6552C1D4-293B-41A3-BEC1-B7324780DA55}.Release|x64.ActiveCfg = Release|x64
		{6552C1D4-293B-41A3-BEC1-B7324780DA55}.Release|x64.Build.0 = Release|x64
		{6552C1D4-293B-41A3-BEC1-B7324780DA55}.Release|x86.ActiveCfg = Release|Win32
		{6552C1D4-293B-41A3-BEC1-B7324780DA55}.Release|x86.Build.0 = Release|Win32
		{28F6F4EF-E30A-47D5-BE67-79BEDF2C51D9}.Debug|x64.ActiveCfg = Debug|x64
		{28F6F4EF-E30A-47D5-BE67-79BEDF2C51D9}.Debug|x64.Build.0 = Debug|x64
		{28F6F4EF-E30A-47D5-BE67-79BEDF2C51D9}.Debug|x86.ActiveCfg = Debug|Win32
		{28F6F4EF-E30A-47D5-BE67-79BEDF2C51D9}.Debug|x86.Build.0 = Debug|Win32
		{28F6F4EF-E30A-47D5-BE67-79BEDF2C51D9}.Release|x64.ActiveCfg = Release|x64
		{28F6F4EF-E30A-47D5-BE67-79BEDF2C51D9}.Release|x64.Build.0 = Release|x64
		{28F6F4EF-E30A-47D5-BE67-79BEDF2C51D9}.Release|x86.ActiveCfg = Release|Win32
		{28F6F4EF-E30A-47D5-BE67-79BEDF2C51D9}.Release|x86.Build.0 = Release|Win32
	EndGlobalSection
	GlobalSection(SolutionProperties) = preSolution
		HideSolutionNode = FALSE
	EndGlobalSection
	GlobalSection(ExtensibilityGlobals) = postSolution
		SolutionGuid = {2D8C676F-1FFF-47CE-907C-3413D92E0240}
	EndGlobalSection
EndGlobal
